
Microsoft Visual Studio Solution File, Format Version 12.00
# Visual Studio Version 17
VisualStudioVersion = 17.13.35828.75 d17.13
MinimumVisualStudioVersion = 10.0.40219.1
Project("{FAE04EC0-301F-11D3-BF4B-00C04F79EFBC}") = "Exercicio-01", "Exercicio-01\Exercicio-01.csproj", "{8BE0CFFC-E02D-4AF9-8099-D30CFDC0DCD2}"
EndProject
Project("{FAE04EC0-301F-11D3-BF4B-00C04F79EFBC}") = "Biblioteca", "Biblioteca\Biblioteca.csproj", "{0DEDB32B-5DA4-4DA2-9097-03443A0E9A9C}"
EndProject
Project("{FAE04EC0-301F-11D3-BF4B-00C04F79EFBC}") = "Exercicio-02", "Exercicio-02\Exercicio-02.csproj", "{CF346B77-C471-4AF2-B3F0-8AE5BDFECE53}"
EndProject
Project("{FAE04EC0-301F-11D3-BF4B-00C04F79EFBC}") = "Exercicio-03", "Exercicio-03\Exercicio-03.csproj", "{3EE69DA4-2B7B-45DC-A0A4-4C6CDE3834C4}"
EndProject
Project("{FAE04EC0-301F-11D3-BF4B-00C04F79EFBC}") = "Exercicio-04", "Exercicio-04\Exercicio-04.csproj", "{DCB79B87-FC92-4048-BB84-A7A6ABCA0B33}"
EndProject
Project("{FAE04EC0-301F-11D3-BF4B-00C04F79EFBC}") = "Exercicio-05", "Exercicio-05\Exercicio-05.csproj", "{81082F4B-8C69-43DA-9E06-404CAAA8CA3A}"
EndProject
Project("{FAE04EC0-301F-11D3-BF4B-00C04F79EFBC}") = "Exercicio-06", "Exercicio-06\Exercicio-06.csproj", "{FD3132B6-F453-439F-B503-93C82F35AF31}"
EndProject
Global
	GlobalSection(SolutionConfigurationPlatforms) = preSolution
		Debug|Any CPU = Debug|Any CPU
		Release|Any CPU = Release|Any CPU
	EndGlobalSection
	GlobalSection(ProjectConfigurationPlatforms) = postSolution
		{8BE0CFFC-E02D-4AF9-8099-D30CFDC0DCD2}.Debug|Any CPU.ActiveCfg = Debug|Any CPU
		{8BE0CFFC-E02D-4AF9-8099-D30CFDC0DCD2}.Debug|Any CPU.Build.0 = Debug|Any CPU
		{8BE0CFFC-E02D-4AF9-8099-D30CFDC0DCD2}.Release|Any CPU.ActiveCfg = Release|Any CPU
		{8BE0CFFC-E02D-4AF9-8099-D30CFDC0DCD2}.Release|Any CPU.Build.0 = Release|Any CPU
		{0DEDB32B-5DA4-4DA2-9097-03443A0E9A9C}.Debug|Any CPU.ActiveCfg = Debug|Any CPU
		{0DEDB32B-5DA4-4DA2-9097-03443A0E9A9C}.Debug|Any CPU.Build.0 = Debug|Any CPU
		{0DEDB32B-5DA4-4DA2-9097-03443A0E9A9C}.Release|Any CPU.ActiveCfg = Release|Any CPU
		{0DEDB32B-5DA4-4DA2-9097-03443A0E9A9C}.Release|Any CPU.Build.0 = Release|Any CPU
		{CF346B77-C471-4AF2-B3F0-8AE5BDFECE53}.Debug|Any CPU.ActiveCfg = Debug|Any CPU
		{CF346B77-C471-4AF2-B3F0-8AE5BDFECE53}.Debug|Any CPU.Build.0 = Debug|Any CPU
		{CF346B77-C471-4AF2-B3F0-8AE5BDFECE53}.Release|Any CPU.ActiveCfg = Release|Any CPU
		{CF346B77-C471-4AF2-B3F0-8AE5BDFECE53}.Release|Any CPU.Build.0 = Release|Any CPU
		{3EE69DA4-2B7B-45DC-A0A4-4C6CDE3834C4}.Debug|Any CPU.ActiveCfg = Debug|Any CPU
		{3EE69DA4-2B7B-45DC-A0A4-4C6CDE3834C4}.Debug|Any CPU.Build.0 = Debug|Any CPU
		{3EE69DA4-2B7B-45DC-A0A4-4C6CDE3834C4}.Release|Any CPU.ActiveCfg = Release|Any CPU
		{3EE69DA4-2B7B-45DC-A0A4-4C6CDE3834C4}.Release|Any CPU.Build.0 = Release|Any CPU
		{DCB79B87-FC92-4048-BB84-A7A6ABCA0B33}.Debug|Any CPU.ActiveCfg = Debug|Any CPU
		{DCB79B87-FC92-4048-BB84-A7A6ABCA0B33}.Debug|Any CPU.Build.0 = Debug|Any CPU
		{DCB79B87-FC92-4048-BB84-A7A6ABCA0B33}.Release|Any CPU.ActiveCfg = Release|Any CPU
		{DCB79B87-FC92-4048-BB84-A7A6ABCA0B33}.Release|Any CPU.Build.0 = Release|Any CPU
		{81082F4B-8C69-43DA-9E06-404CAAA8CA3A}.Debug|Any CPU.ActiveCfg = Debug|Any CPU
		{81082F4B-8C69-43DA-9E06-404CAAA8CA3A}.Debug|Any CPU.Build.0 = Debug|Any CPU
		{81082F4B-8C69-43DA-9E06-404CAAA8CA3A}.Release|Any CPU.ActiveCfg = Release|Any CPU
		{81082F4B-8C69-43DA-9E06-404CAAA8CA3A}.Release|Any CPU.Build.0 = Release|Any CPU
		{FD3132B6-F453-439F-B503-93C82F35AF31}.Debug|Any CPU.ActiveCfg = Debug|Any CPU
		{FD3132B6-F453-439F-B503-93C82F35AF31}.Debug|Any CPU.Build.0 = Debug|Any CPU
		{FD3132B6-F453-439F-B503-93C82F35AF31}.Release|Any CPU.ActiveCfg = Release|Any CPU
		{FD3132B6-F453-439F-B503-93C82F35AF31}.Release|Any CPU.Build.0 = Release|Any CPU
	EndGlobalSection
	GlobalSection(SolutionProperties) = preSolution
		HideSolutionNode = FALSE
	EndGlobalSection
	GlobalSection(ExtensibilityGlobals) = postSolution
		SolutionGuid = {F4FA6C80-6817-489C-B2FD-10DF11B91EDA}
	EndGlobalSection
EndGlobal
